
Microsoft Visual Studio Solution File, Format Version 12.00
# Visual Studio 2013
VisualStudioVersion = 12.0.30723.0
MinimumVisualStudioVersion = 10.0.40219.1
Project("{2150E333-8FDC-42A3-9474-1A3956D46DE8}") = "Frontend", "Frontend", "{668F6254-5DB4-48EA-95BF-6A5E2CBDA11E}"
EndProject
Project("{2150E333-8FDC-42A3-9474-1A3956D46DE8}") = "Modules", "Modules", "{4EFD2CAC-AA93-4046-9480-B8FFB13E4955}"
EndProject
Project("{2150E333-8FDC-42A3-9474-1A3956D46DE8}") = "IDE", "IDE", "{594DF49A-556A-435C-B8AD-92B79E50CE8A}"
EndProject
Project("{2150E333-8FDC-42A3-9474-1A3956D46DE8}") = "NS", "NS", "{17D3FD65-6B1E-4A27-8DA2-5723F80348BD}"
EndProject
Project("{FAE04EC0-301F-11D3-BF4B-00C04F79EFBC}") = "WoaW.NS", "Backend\NS\WoaW.NS\WoaW.NS.csproj", "{A26BBAD8-F7E7-4875-8D4A-9FB65028664F}"
EndProject
Project("{2150E333-8FDC-42A3-9474-1A3956D46DE8}") = "TMS", "TMS", "{70783416-A3CA-4ECD-942D-D0F0311220F1}"
EndProject
Project("{FAE04EC0-301F-11D3-BF4B-00C04F79EFBC}") = "WoaW.TMS.Model", "Backend\TMS\WoaW.TMS.Model\WoaW.TMS.Model.csproj", "{A5F26F60-1222-464B-A9CA-E36053FAE45D}"
EndProject
Project("{2150E333-8FDC-42A3-9474-1A3956D46DE8}") = "CMS", "CMS", "{BDD9B584-EF3F-4375-AF75-98F4C78FC720}"
EndProject
Project("{FAE04EC0-301F-11D3-BF4B-00C04F79EFBC}") = "WoaW.CMS.Model", "Backend\CRM\Model\WoaW.CMS.Model\WoaW.CMS.Model.csproj", "{F2FA81BE-B327-411C-8C7D-28DBAD3E2889}"
EndProject
Project("{FAE04EC0-301F-11D3-BF4B-00C04F79EFBC}") = "WoaW.TMS.Model.UnitTests", "Backend\TMS\WoaW.TMS.Model.UnitTests\WoaW.TMS.Model.UnitTests.csproj", "{AFF41697-A518-40DD-AF2A-AE85DF3EC32F}"
EndProject
Project("{FAE04EC0-301F-11D3-BF4B-00C04F79EFBC}") = "WoaW.CMS.DAL.Ravendb", "Backend\CRM\DAL\WoaW.CRM.DAL.Ravendb\WoaW.CMS.DAL.Ravendb.csproj", "{9C7083AC-21C7-4C92-96AF-592DB3960E63}"
EndProject
Project("{2150E333-8FDC-42A3-9474-1A3956D46DE8}") = ".nuget", ".nuget", "{143D5F8A-1241-418D-B5BF-8C3A4AEEFA1C}"
	ProjectSection(SolutionItems) = preProject
		.nuget\NuGet.Config = .nuget\NuGet.Config
		.nuget\NuGet.exe = .nuget\NuGet.exe
		.nuget\NuGet.targets = .nuget\NuGet.targets
	EndProjectSection
EndProject
Project("{FAE04EC0-301F-11D3-BF4B-00C04F79EFBC}") = "WoaW.CMS.DAL.Ravendb.UnitTests", "Backend\CRM\DAL\WoaW.CRM.DAL.Ravendb.UnitTests\WoaW.CMS.DAL.Ravendb.UnitTests.csproj", "{C44891C6-6230-45D0-B91A-0D13E3FAF12E}"
EndProject
Project("{FAE04EC0-301F-11D3-BF4B-00C04F79EFBC}") = "WoaW.CMS.Model.UnitTests", "Backend\CRM\Model\WoaW.CMS.Model.UnitTests\WoaW.CMS.Model.UnitTests.csproj", "{3B7F0D96-E419-490D-A06E-BE8FAE969AE8}"
EndProject
Project("{FAE04EC0-301F-11D3-BF4B-00C04F79EFBC}") = "WoaW.CMS.DAL.EF", "Backend\CRM\DAL\WoaW.CRM.DAL.EF\WoaW.CMS.DAL.EF.csproj", "{AE9D522D-1E7F-4177-821B-41B395B89021}"
EndProject
Project("{FAE04EC0-301F-11D3-BF4B-00C04F79EFBC}") = "WoaW.CMS.DAL.EF.UnitTests", "Backend\CRM\DAL\WoaW.CRM.DAL.EF.UnitTests\WoaW.CMS.DAL.EF.UnitTests.csproj", "{1E20F01F-C872-4772-A35E-B6065D21DF74}"
EndProject
Project("{2150E333-8FDC-42A3-9474-1A3956D46DE8}") = "DAL", "DAL", "{BB12435F-168F-4511-B382-625EE348CAD7}"
EndProject
Project("{2150E333-8FDC-42A3-9474-1A3956D46DE8}") = "Model", "Model", "{6598403A-88A7-4807-AACA-5407677A1237}"
EndProject
Project("{2150E333-8FDC-42A3-9474-1A3956D46DE8}") = "Interfaces", "Interfaces", "{9274B829-B838-4B13-AA40-E3529A3C857A}"
EndProject
Project("{2150E333-8FDC-42A3-9474-1A3956D46DE8}") = "Infrastructure", "Infrastructure", "{3C18867B-9FF3-4696-A427-2CD28FB45EA2}"
EndProject
Project("{2150E333-8FDC-42A3-9474-1A3956D46DE8}") = "MVC", "MVC", "{30F4EE81-4668-462A-900F-C414DF804164}"
EndProject
Project("{2150E333-8FDC-42A3-9474-1A3956D46DE8}") = "Owin", "Owin", "{503E2D8E-7F17-4275-94AC-A3C39815105A}"
EndProject
Project("{2150E333-8FDC-42A3-9474-1A3956D46DE8}") = "SL", "SL", "{F7CA99E8-3DC7-47DA-A7FC-099C588DEC35}"
EndProject
Project("{2150E333-8FDC-42A3-9474-1A3956D46DE8}") = "Site", "Site", "{D45B6120-B000-4177-902E-B9E97FB075EB}"
EndProject
Project("{2150E333-8FDC-42A3-9474-1A3956D46DE8}") = "IDE", "IDE", "{48E3B041-D57D-48D6-8522-05119698CF3B}"
EndProject
Project("{2150E333-8FDC-42A3-9474-1A3956D46DE8}") = "StoreApp", "StoreApp", "{26FA03B0-DDBF-4A54-84D1-7F120A4E333B}"
EndProject
Project("{2150E333-8FDC-42A3-9474-1A3956D46DE8}") = "IDE", "IDE", "{5F4295E4-1452-40E1-BFBA-54D9BF4C2139}"
EndProject
Project("{2150E333-8FDC-42A3-9474-1A3956D46DE8}") = "WPF", "WPF", "{955BDC5C-5B89-4D65-A190-C45DE39AA62D}"
EndProject
Project("{2150E333-8FDC-42A3-9474-1A3956D46DE8}") = "IDE", "IDE", "{2B847277-5E56-4EB9-9C3F-56D18058FB0D}"
EndProject
Project("{2150E333-8FDC-42A3-9474-1A3956D46DE8}") = "PWF", "PWF", "{8B9B42C5-ECFF-4B8E-8D21-27784B3050C8}"
EndProject
Project("{2150E333-8FDC-42A3-9474-1A3956D46DE8}") = "AppStore", "AppStore", "{B0493BD6-F7AE-4A33-A510-9A7E4D85B30F}"
EndProject
Project("{FAE04EC0-301F-11D3-BF4B-00C04F79EFBC}") = "WoaW.Tms.DAL.EF", "Backend\TMS\WoaW.TMS.DAL.EF\WoaW.Tms.DAL.EF.csproj", "{47F65BA5-07C6-4912-ACE1-462AAE29393B}"
EndProject
Project("{FAE04EC0-301F-11D3-BF4B-00C04F79EFBC}") = "WoaW.Tms.DAL.EF.UnitTests", "Backend\TMS\WoaW.TMS.DAL.EF.UnitTests\WoaW.Tms.DAL.EF.UnitTests.csproj", "{F1F9EB23-0818-4146-9490-0B3342247DA3}"
EndProject
Project("{FAE04EC0-301F-11D3-BF4B-00C04F79EFBC}") = "WoaW.Ems.Dal.EF", "Backend\WoaW.Ems.Dal.EF\WoaW.Ems.Dal.EF.csproj", "{4879FB05-94B5-43AA-9354-BB6090D1E7EB}"
EndProject
Project("{2150E333-8FDC-42A3-9474-1A3956D46DE8}") = "Dal", "Dal", "{E1AA5B8A-D70A-40FA-BAD8-1AF3B459E4EE}"
EndProject
Project("{2150E333-8FDC-42A3-9474-1A3956D46DE8}") = "Model", "Model", "{CB800E38-87B2-44A4-882B-0E97F9309547}"
EndProject
Global
	GlobalSection(SolutionConfigurationPlatforms) = preSolution
		Debug|Any CPU = Debug|Any CPU
		Debug|ARM = Debug|ARM
		Debug|x64 = Debug|x64
		Debug|x86 = Debug|x86
		Release|Any CPU = Release|Any CPU
		Release|ARM = Release|ARM
		Release|x64 = Release|x64
		Release|x86 = Release|x86
	EndGlobalSection
	GlobalSection(ProjectConfigurationPlatforms) = postSolution
		{A26BBAD8-F7E7-4875-8D4A-9FB65028664F}.Debug|Any CPU.ActiveCfg = Debug|Any CPU
		{A26BBAD8-F7E7-4875-8D4A-9FB65028664F}.Debug|Any CPU.Build.0 = Debug|Any CPU
		{A26BBAD8-F7E7-4875-8D4A-9FB65028664F}.Debug|ARM.ActiveCfg = Debug|Any CPU
		{A26BBAD8-F7E7-4875-8D4A-9FB65028664F}.Debug|x64.ActiveCfg = Debug|Any CPU
		{A26BBAD8-F7E7-4875-8D4A-9FB65028664F}.Debug|x86.ActiveCfg = Debug|Any CPU
		{A26BBAD8-F7E7-4875-8D4A-9FB65028664F}.Release|Any CPU.ActiveCfg = Release|Any CPU
		{A26BBAD8-F7E7-4875-8D4A-9FB65028664F}.Release|Any CPU.Build.0 = Release|Any CPU
		{A26BBAD8-F7E7-4875-8D4A-9FB65028664F}.Release|ARM.ActiveCfg = Release|Any CPU
		{A26BBAD8-F7E7-4875-8D4A-9FB65028664F}.Release|x64.ActiveCfg = Release|Any CPU
		{A26BBAD8-F7E7-4875-8D4A-9FB65028664F}.Release|x86.ActiveCfg = Release|Any CPU
		{A5F26F60-1222-464B-A9CA-E36053FAE45D}.Debug|Any CPU.ActiveCfg = Debug|Any CPU
		{A5F26F60-1222-464B-A9CA-E36053FAE45D}.Debug|Any CPU.Build.0 = Debug|Any CPU
		{A5F26F60-1222-464B-A9CA-E36053FAE45D}.Debug|ARM.ActiveCfg = Debug|Any CPU
		{A5F26F60-1222-464B-A9CA-E36053FAE45D}.Debug|x64.ActiveCfg = Debug|Any CPU
		{A5F26F60-1222-464B-A9CA-E36053FAE45D}.Debug|x86.ActiveCfg = Debug|Any CPU
		{A5F26F60-1222-464B-A9CA-E36053FAE45D}.Release|Any CPU.ActiveCfg = Release|Any CPU
		{A5F26F60-1222-464B-A9CA-E36053FAE45D}.Release|Any CPU.Build.0 = Release|Any CPU
		{A5F26F60-1222-464B-A9CA-E36053FAE45D}.Release|ARM.ActiveCfg = Release|Any CPU
		{A5F26F60-1222-464B-A9CA-E36053FAE45D}.Release|x64.ActiveCfg = Release|Any CPU
		{A5F26F60-1222-464B-A9CA-E36053FAE45D}.Release|x86.ActiveCfg = Release|Any CPU
		{F2FA81BE-B327-411C-8C7D-28DBAD3E2889}.Debug|Any CPU.ActiveCfg = Debug|Any CPU
		{F2FA81BE-B327-411C-8C7D-28DBAD3E2889}.Debug|Any CPU.Build.0 = Debug|Any CPU
		{F2FA81BE-B327-411C-8C7D-28DBAD3E2889}.Debug|ARM.ActiveCfg = Debug|Any CPU
		{F2FA81BE-B327-411C-8C7D-28DBAD3E2889}.Debug|x64.ActiveCfg = Debug|Any CPU
		{F2FA81BE-B327-411C-8C7D-28DBAD3E2889}.Debug|x86.ActiveCfg = Debug|Any CPU
		{F2FA81BE-B327-411C-8C7D-28DBAD3E2889}.Release|Any CPU.ActiveCfg = Release|Any CPU
		{F2FA81BE-B327-411C-8C7D-28DBAD3E2889}.Release|Any CPU.Build.0 = Release|Any CPU
		{F2FA81BE-B327-411C-8C7D-28DBAD3E2889}.Release|ARM.ActiveCfg = Release|Any CPU
		{F2FA81BE-B327-411C-8C7D-28DBAD3E2889}.Release|x64.ActiveCfg = Release|Any CPU
		{F2FA81BE-B327-411C-8C7D-28DBAD3E2889}.Release|x86.ActiveCfg = Release|Any CPU
		{AFF41697-A518-40DD-AF2A-AE85DF3EC32F}.Debug|Any CPU.ActiveCfg = Debug|Any CPU
		{AFF41697-A518-40DD-AF2A-AE85DF3EC32F}.Debug|Any CPU.Build.0 = Debug|Any CPU
		{AFF41697-A518-40DD-AF2A-AE85DF3EC32F}.Debug|ARM.ActiveCfg = Debug|Any CPU
		{AFF41697-A518-40DD-AF2A-AE85DF3EC32F}.Debug|x64.ActiveCfg = Debug|Any CPU
		{AFF41697-A518-40DD-AF2A-AE85DF3EC32F}.Debug|x86.ActiveCfg = Debug|Any CPU
		{AFF41697-A518-40DD-AF2A-AE85DF3EC32F}.Release|Any CPU.ActiveCfg = Release|Any CPU
		{AFF41697-A518-40DD-AF2A-AE85DF3EC32F}.Release|Any CPU.Build.0 = Release|Any CPU
		{AFF41697-A518-40DD-AF2A-AE85DF3EC32F}.Release|ARM.ActiveCfg = Release|Any CPU
		{AFF41697-A518-40DD-AF2A-AE85DF3EC32F}.Release|x64.ActiveCfg = Release|Any CPU
		{AFF41697-A518-40DD-AF2A-AE85DF3EC32F}.Release|x86.ActiveCfg = Release|Any CPU
		{9C7083AC-21C7-4C92-96AF-592DB3960E63}.Debug|Any CPU.ActiveCfg = Debug|Any CPU
		{9C7083AC-21C7-4C92-96AF-592DB3960E63}.Debug|Any CPU.Build.0 = Debug|Any CPU
		{9C7083AC-21C7-4C92-96AF-592DB3960E63}.Debug|ARM.ActiveCfg = Debug|Any CPU
		{9C7083AC-21C7-4C92-96AF-592DB3960E63}.Debug|x64.ActiveCfg = Debug|Any CPU
		{9C7083AC-21C7-4C92-96AF-592DB3960E63}.Debug|x86.ActiveCfg = Debug|Any CPU
		{9C7083AC-21C7-4C92-96AF-592DB3960E63}.Release|Any CPU.ActiveCfg = Release|Any CPU
		{9C7083AC-21C7-4C92-96AF-592DB3960E63}.Release|Any CPU.Build.0 = Release|Any CPU
		{9C7083AC-21C7-4C92-96AF-592DB3960E63}.Release|ARM.ActiveCfg = Release|Any CPU
		{9C7083AC-21C7-4C92-96AF-592DB3960E63}.Release|x64.ActiveCfg = Release|Any CPU
		{9C7083AC-21C7-4C92-96AF-592DB3960E63}.Release|x86.ActiveCfg = Release|Any CPU
		{C44891C6-6230-45D0-B91A-0D13E3FAF12E}.Debug|Any CPU.ActiveCfg = Debug|Any CPU
		{C44891C6-6230-45D0-B91A-0D13E3FAF12E}.Debug|Any CPU.Build.0 = Debug|Any CPU
		{C44891C6-6230-45D0-B91A-0D13E3FAF12E}.Debug|ARM.ActiveCfg = Debug|Any CPU
		{C44891C6-6230-45D0-B91A-0D13E3FAF12E}.Debug|x64.ActiveCfg = Debug|Any CPU
		{C44891C6-6230-45D0-B91A-0D13E3FAF12E}.Debug|x86.ActiveCfg = Debug|Any CPU
		{C44891C6-6230-45D0-B91A-0D13E3FAF12E}.Release|Any CPU.ActiveCfg = Release|Any CPU
		{C44891C6-6230-45D0-B91A-0D13E3FAF12E}.Release|Any CPU.Build.0 = Release|Any CPU
		{C44891C6-6230-45D0-B91A-0D13E3FAF12E}.Release|ARM.ActiveCfg = Release|Any CPU
		{C44891C6-6230-45D0-B91A-0D13E3FAF12E}.Release|x64.ActiveCfg = Release|Any CPU
		{C44891C6-6230-45D0-B91A-0D13E3FAF12E}.Release|x86.ActiveCfg = Release|Any CPU
		{3B7F0D96-E419-490D-A06E-BE8FAE969AE8}.Debug|Any CPU.ActiveCfg = Debug|Any CPU
		{3B7F0D96-E419-490D-A06E-BE8FAE969AE8}.Debug|Any CPU.Build.0 = Debug|Any CPU
		{3B7F0D96-E419-490D-A06E-BE8FAE969AE8}.Debug|ARM.ActiveCfg = Debug|Any CPU
		{3B7F0D96-E419-490D-A06E-BE8FAE969AE8}.Debug|x64.ActiveCfg = Debug|Any CPU
		{3B7F0D96-E419-490D-A06E-BE8FAE969AE8}.Debug|x86.ActiveCfg = Debug|Any CPU
		{3B7F0D96-E419-490D-A06E-BE8FAE969AE8}.Release|Any CPU.ActiveCfg = Release|Any CPU
		{3B7F0D96-E419-490D-A06E-BE8FAE969AE8}.Release|Any CPU.Build.0 = Release|Any CPU
		{3B7F0D96-E419-490D-A06E-BE8FAE969AE8}.Release|ARM.ActiveCfg = Release|Any CPU
		{3B7F0D96-E419-490D-A06E-BE8FAE969AE8}.Release|x64.ActiveCfg = Release|Any CPU
		{3B7F0D96-E419-490D-A06E-BE8FAE969AE8}.Release|x86.ActiveCfg = Release|Any CPU
		{AE9D522D-1E7F-4177-821B-41B395B89021}.Debug|Any CPU.ActiveCfg = Debug|Any CPU
		{AE9D522D-1E7F-4177-821B-41B395B89021}.Debug|Any CPU.Build.0 = Debug|Any CPU
		{AE9D522D-1E7F-4177-821B-41B395B89021}.Debug|ARM.ActiveCfg = Debug|Any CPU
		{AE9D522D-1E7F-4177-821B-41B395B89021}.Debug|x64.ActiveCfg = Debug|Any CPU
		{AE9D522D-1E7F-4177-821B-41B395B89021}.Debug|x86.ActiveCfg = Debug|Any CPU
		{AE9D522D-1E7F-4177-821B-41B395B89021}.Release|Any CPU.ActiveCfg = Release|Any CPU
		{AE9D522D-1E7F-4177-821B-41B395B89021}.Release|Any CPU.Build.0 = Release|Any CPU
		{AE9D522D-1E7F-4177-821B-41B395B89021}.Release|ARM.ActiveCfg = Release|Any CPU
		{AE9D522D-1E7F-4177-821B-41B395B89021}.Release|x64.ActiveCfg = Release|Any CPU
		{AE9D522D-1E7F-4177-821B-41B395B89021}.Release|x86.ActiveCfg = Release|Any CPU
		{1E20F01F-C872-4772-A35E-B6065D21DF74}.Debug|Any CPU.ActiveCfg = Debug|Any CPU
		{1E20F01F-C872-4772-A35E-B6065D21DF74}.Debug|Any CPU.Build.0 = Debug|Any CPU
		{1E20F01F-C872-4772-A35E-B6065D21DF74}.Debug|ARM.ActiveCfg = Debug|Any CPU
		{1E20F01F-C872-4772-A35E-B6065D21DF74}.Debug|x64.ActiveCfg = Debug|Any CPU
		{1E20F01F-C872-4772-A35E-B6065D21DF74}.Debug|x86.ActiveCfg = Debug|Any CPU
		{1E20F01F-C872-4772-A35E-B6065D21DF74}.Release|Any CPU.ActiveCfg = Release|Any CPU
		{1E20F01F-C872-4772-A35E-B6065D21DF74}.Release|Any CPU.Build.0 = Release|Any CPU
		{1E20F01F-C872-4772-A35E-B6065D21DF74}.Release|ARM.ActiveCfg = Release|Any CPU
		{1E20F01F-C872-4772-A35E-B6065D21DF74}.Release|x64.ActiveCfg = Release|Any CPU
		{1E20F01F-C872-4772-A35E-B6065D21DF74}.Release|x86.ActiveCfg = Release|Any CPU
		{47F65BA5-07C6-4912-ACE1-462AAE29393B}.Debug|Any CPU.ActiveCfg = Debug|Any CPU
		{47F65BA5-07C6-4912-ACE1-462AAE29393B}.Debug|Any CPU.Build.0 = Debug|Any CPU
		{47F65BA5-07C6-4912-ACE1-462AAE29393B}.Debug|ARM.ActiveCfg = Debug|Any CPU
		{47F65BA5-07C6-4912-ACE1-462AAE29393B}.Debug|x64.ActiveCfg = Debug|Any CPU
		{47F65BA5-07C6-4912-ACE1-462AAE29393B}.Debug|x86.ActiveCfg = Debug|Any CPU
		{47F65BA5-07C6-4912-ACE1-462AAE29393B}.Release|Any CPU.ActiveCfg = Release|Any CPU
		{47F65BA5-07C6-4912-ACE1-462AAE29393B}.Release|Any CPU.Build.0 = Release|Any CPU
		{47F65BA5-07C6-4912-ACE1-462AAE29393B}.Release|ARM.ActiveCfg = Release|Any CPU
		{47F65BA5-07C6-4912-ACE1-462AAE29393B}.Release|x64.ActiveCfg = Release|Any CPU
		{47F65BA5-07C6-4912-ACE1-462AAE29393B}.Release|x86.ActiveCfg = Release|Any CPU
		{F1F9EB23-0818-4146-9490-0B3342247DA3}.Debug|Any CPU.ActiveCfg = Debug|Any CPU
		{F1F9EB23-0818-4146-9490-0B3342247DA3}.Debug|Any CPU.Build.0 = Debug|Any CPU
		{F1F9EB23-0818-4146-9490-0B3342247DA3}.Debug|ARM.ActiveCfg = Debug|Any CPU
		{F1F9EB23-0818-4146-9490-0B3342247DA3}.Debug|x64.ActiveCfg = Debug|Any CPU
		{F1F9EB23-0818-4146-9490-0B3342247DA3}.Debug|x86.ActiveCfg = Debug|Any CPU
		{F1F9EB23-0818-4146-9490-0B3342247DA3}.Release|Any CPU.ActiveCfg = Release|Any CPU
		{F1F9EB23-0818-4146-9490-0B3342247DA3}.Release|Any CPU.Build.0 = Release|Any CPU
		{F1F9EB23-0818-4146-9490-0B3342247DA3}.Release|ARM.ActiveCfg = Release|Any CPU
		{F1F9EB23-0818-4146-9490-0B3342247DA3}.Release|x64.ActiveCfg = Release|Any CPU
		{F1F9EB23-0818-4146-9490-0B3342247DA3}.Release|x86.ActiveCfg = Release|Any CPU
		{4879FB05-94B5-43AA-9354-BB6090D1E7EB}.Debug|Any CPU.ActiveCfg = Debug|Any CPU
		{4879FB05-94B5-43AA-9354-BB6090D1E7EB}.Debug|Any CPU.Build.0 = Debug|Any CPU
		{4879FB05-94B5-43AA-9354-BB6090D1E7EB}.Debug|ARM.ActiveCfg = Debug|Any CPU
		{4879FB05-94B5-43AA-9354-BB6090D1E7EB}.Debug|x64.ActiveCfg = Debug|Any CPU
		{4879FB05-94B5-43AA-9354-BB6090D1E7EB}.Debug|x86.ActiveCfg = Debug|Any CPU
		{4879FB05-94B5-43AA-9354-BB6090D1E7EB}.Release|Any CPU.ActiveCfg = Release|Any CPU
		{4879FB05-94B5-43AA-9354-BB6090D1E7EB}.Release|Any CPU.Build.0 = Release|Any CPU
		{4879FB05-94B5-43AA-9354-BB6090D1E7EB}.Release|ARM.ActiveCfg = Release|Any CPU
		{4879FB05-94B5-43AA-9354-BB6090D1E7EB}.Release|x64.ActiveCfg = Release|Any CPU
		{4879FB05-94B5-43AA-9354-BB6090D1E7EB}.Release|x86.ActiveCfg = Release|Any CPU
	EndGlobalSection
	GlobalSection(SolutionProperties) = preSolution
		HideSolutionNode = FALSE
	EndGlobalSection
	GlobalSection(NestedProjects) = preSolution
		{594DF49A-556A-435C-B8AD-92B79E50CE8A} = {F7CA99E8-3DC7-47DA-A7FC-099C588DEC35}
		{17D3FD65-6B1E-4A27-8DA2-5723F80348BD} = {3C18867B-9FF3-4696-A427-2CD28FB45EA2}
		{A26BBAD8-F7E7-4875-8D4A-9FB65028664F} = {17D3FD65-6B1E-4A27-8DA2-5723F80348BD}
		{70783416-A3CA-4ECD-942D-D0F0311220F1} = {4EFD2CAC-AA93-4046-9480-B8FFB13E4955}
		{A5F26F60-1222-464B-A9CA-E36053FAE45D} = {CB800E38-87B2-44A4-882B-0E97F9309547}
		{BDD9B584-EF3F-4375-AF75-98F4C78FC720} = {4EFD2CAC-AA93-4046-9480-B8FFB13E4955}
		{F2FA81BE-B327-411C-8C7D-28DBAD3E2889} = {6598403A-88A7-4807-AACA-5407677A1237}
		{AFF41697-A518-40DD-AF2A-AE85DF3EC32F} = {CB800E38-87B2-44A4-882B-0E97F9309547}
		{9C7083AC-21C7-4C92-96AF-592DB3960E63} = {BB12435F-168F-4511-B382-625EE348CAD7}
		{C44891C6-6230-45D0-B91A-0D13E3FAF12E} = {BB12435F-168F-4511-B382-625EE348CAD7}
		{3B7F0D96-E419-490D-A06E-BE8FAE969AE8} = {6598403A-88A7-4807-AACA-5407677A1237}
		{AE9D522D-1E7F-4177-821B-41B395B89021} = {BB12435F-168F-4511-B382-625EE348CAD7}
		{1E20F01F-C872-4772-A35E-B6065D21DF74} = {BB12435F-168F-4511-B382-625EE348CAD7}
		{BB12435F-168F-4511-B382-625EE348CAD7} = {BDD9B584-EF3F-4375-AF75-98F4C78FC720}
		{6598403A-88A7-4807-AACA-5407677A1237} = {BDD9B584-EF3F-4375-AF75-98F4C78FC720}
		{9274B829-B838-4B13-AA40-E3529A3C857A} = {BDD9B584-EF3F-4375-AF75-98F4C78FC720}
		{30F4EE81-4668-462A-900F-C414DF804164} = {9274B829-B838-4B13-AA40-E3529A3C857A}
		{503E2D8E-7F17-4275-94AC-A3C39815105A} = {9274B829-B838-4B13-AA40-E3529A3C857A}
		{F7CA99E8-3DC7-47DA-A7FC-099C588DEC35} = {668F6254-5DB4-48EA-95BF-6A5E2CBDA11E}
		{D45B6120-B000-4177-902E-B9E97FB075EB} = {668F6254-5DB4-48EA-95BF-6A5E2CBDA11E}
		{48E3B041-D57D-48D6-8522-05119698CF3B} = {D45B6120-B000-4177-902E-B9E97FB075EB}
		{26FA03B0-DDBF-4A54-84D1-7F120A4E333B} = {668F6254-5DB4-48EA-95BF-6A5E2CBDA11E}
		{5F4295E4-1452-40E1-BFBA-54D9BF4C2139} = {26FA03B0-DDBF-4A54-84D1-7F120A4E333B}
		{955BDC5C-5B89-4D65-A190-C45DE39AA62D} = {668F6254-5DB4-48EA-95BF-6A5E2CBDA11E}
		{2B847277-5E56-4EB9-9C3F-56D18058FB0D} = {955BDC5C-5B89-4D65-A190-C45DE39AA62D}
		{8B9B42C5-ECFF-4B8E-8D21-27784B3050C8} = {9274B829-B838-4B13-AA40-E3529A3C857A}
		{B0493BD6-F7AE-4A33-A510-9A7E4D85B30F} = {9274B829-B838-4B13-AA40-E3529A3C857A}
		{47F65BA5-07C6-4912-ACE1-462AAE29393B} = {E1AA5B8A-D70A-40FA-BAD8-1AF3B459E4EE}
		{F1F9EB23-0818-4146-9490-0B3342247DA3} = {E1AA5B8A-D70A-40FA-BAD8-1AF3B459E4EE}
		{4879FB05-94B5-43AA-9354-BB6090D1E7EB} = {4EFD2CAC-AA93-4046-9480-B8FFB13E4955}
		{E1AA5B8A-D70A-40FA-BAD8-1AF3B459E4EE} = {70783416-A3CA-4ECD-942D-D0F0311220F1}
		{CB800E38-87B2-44A4-882B-0E97F9309547} = {70783416-A3CA-4ECD-942D-D0F0311220F1}
	EndGlobalSection
EndGlobal
